// !$*UTF8*$!
{
	archiveVersion = 1;
	classes = {
	};
	objectVersion = 46;
	objects = {

/* Begin PBXBuildFile section */
		2E91ECE31E3BBAE100E9BF2C /* AppDelegate.swift in Sources */ = {isa = PBXBuildFile; fileRef = 2E91ECE21E3BBAE100E9BF2C /* AppDelegate.swift */; };
		2E91ECE51E3BBAE100E9BF2C /* ViewController.swift in Sources */ = {isa = PBXBuildFile; fileRef = 2E91ECE41E3BBAE100E9BF2C /* ViewController.swift */; };
		2E91ECE81E3BBAE100E9BF2C /* Main.storyboard in Resources */ = {isa = PBXBuildFile; fileRef = 2E91ECE61E3BBAE100E9BF2C /* Main.storyboard */; };
		2E91ECEA1E3BBAE100E9BF2C /* Assets.xcassets in Resources */ = {isa = PBXBuildFile; fileRef = 2E91ECE91E3BBAE100E9BF2C /* Assets.xcassets */; };
		2E91ECED1E3BBAE100E9BF2C /* LaunchScreen.storyboard in Resources */ = {isa = PBXBuildFile; fileRef = 2E91ECEB1E3BBAE100E9BF2C /* LaunchScreen.storyboard */; };
		2E91ECF51E3BBB1F00E9BF2C /* FantasticView.swift in Sources */ = {isa = PBXBuildFile; fileRef = 2E91ECF41E3BBB1F00E9BF2C /* FantasticView.swift */; };
/* End PBXBuildFile section */

/* Begin PBXFileReference section */
		2E91ECDF1E3BBAE100E9BF2C /* FantasticView.app */ = {isa = PBXFileReference; explicitFileType = wrapper.application; includeInIndex = 0; path = FantasticView.app; sourceTree = BUILT_PRODUCTS_DIR; };
		2E91ECE21E3BBAE100E9BF2C /* AppDelegate.swift */ = {isa = PBXFileReference; lastKnownFileType = sourcecode.swift; path = AppDelegate.swift; sourceTree = "<group>"; };
		2E91ECE41E3BBAE100E9BF2C /* ViewController.swift */ = {isa = PBXFileReference; lastKnownFileType = sourcecode.swift; path = ViewController.swift; sourceTree = "<group>"; };
		2E91ECE71E3BBAE100E9BF2C /* Base */ = {isa = PBXFileReference; lastKnownFileType = file.storyboard; name = Base; path = Base.lproj/Main.storyboard; sourceTree = "<group>"; };
		2E91ECE91E3BBAE100E9BF2C /* Assets.xcassets */ = {isa = PBXFileReference; lastKnownFileType = folder.assetcatalog; path = Assets.xcassets; sourceTree = "<group>"; };
		2E91ECEC1E3BBAE100E9BF2C /* Base */ = {isa = PBXFileReference; lastKnownFileType = file.storyboard; name = Base; path = Base.lproj/LaunchScreen.storyboard; sourceTree = "<group>"; };
		2E91ECEE1E3BBAE100E9BF2C /* Info.plist */ = {isa = PBXFileReference; lastKnownFileType = text.plist.xml; path = Info.plist; sourceTree = "<group>"; };
		2E91ECF41E3BBB1F00E9BF2C /* FantasticView.swift */ = {isa = PBXFileReference; fileEncoding = 4; lastKnownFileType = sourcecode.swift; path = FantasticView.swift; sourceTree = "<group>"; };
/* End PBXFileReference section */

/* Begin PBXFrameworksBuildPhase section */
		2E91ECDC1E3BBAE100E9BF2C /* Frameworks */ = {
			isa = PBXFrameworksBuildPhase;
			buildActionMask = 2147483647;
			files = (
			);
			runOnlyForDeploymentPostprocessing = 0;
		};
/* End PBXFrameworksBuildPhase section */

/* Begin PBXGroup section */
		2E91ECD61E3BBAE100E9BF2C = {
			isa = PBXGroup;
			children = (
				2E91ECE11E3BBAE100E9BF2C /* FantasticView */,
				2E91ECE01E3BBAE100E9BF2C /* Products */,
			);
			sourceTree = "<group>";
		};
		2E91ECE01E3BBAE100E9BF2C /* Products */ = {
			isa = PBXGroup;
			children = (
				2E91ECDF1E3BBAE100E9BF2C /* FantasticView.app */,
			);
			name = Products;
			sourceTree = "<group>";
		};
		2E91ECE11E3BBAE100E9BF2C /* FantasticView */ = {
			isa = PBXGroup;
			children = (
				2E91ECE21E3BBAE100E9BF2C /* AppDelegate.swift */,
				2E91ECE41E3BBAE100E9BF2C /* ViewController.swift */,
				2E91ECE61E3BBAE100E9BF2C /* Main.storyboard */,
				2E91ECE91E3BBAE100E9BF2C /* Assets.xcassets */,
				2E91ECEB1E3BBAE100E9BF2C /* LaunchScreen.storyboard */,
				2E91ECEE1E3BBAE100E9BF2C /* Info.plist */,
				2E91ECF41E3BBB1F00E9BF2C /* FantasticView.swift */,
			);
			path = FantasticView;
			sourceTree = "<group>";
		};
/* End PBXGroup section */

/* Begin PBXNativeTarget section */
		2E91ECDE1E3BBAE100E9BF2C /* FantasticView */ = {
			isa = PBXNativeTarget;
			buildConfigurationList = 2E91ECF11E3BBAE100E9BF2C /* Build configuration list for PBXNativeTarget "FantasticView" */;
			buildPhases = (
				2E91ECDB1E3BBAE100E9BF2C /* Sources */,
				2E91ECDC1E3BBAE100E9BF2C /* Frameworks */,
				2E91ECDD1E3BBAE100E9BF2C /* Resources */,
			);
			buildRules = (
			);
			dependencies = (
			);
			name = FantasticView;
			productName = FantasticView;
			productReference = 2E91ECDF1E3BBAE100E9BF2C /* FantasticView.app */;
			productType = "com.apple.product-type.application";
		};
/* End PBXNativeTarget section */

/* Begin PBXProject section */
		2E91ECD71E3BBAE100E9BF2C /* Project object */ = {
			isa = PBXProject;
			attributes = {
				LastSwiftUpdateCheck = 0820;
				LastUpgradeCheck = 0820;
				ORGANIZATIONNAME = HomeMade;
				TargetAttributes = {
					2E91ECDE1E3BBAE100E9BF2C = {
						CreatedOnToolsVersion = 8.2.1;
						DevelopmentTeam = Y2YHB76Q95;
						ProvisioningStyle = Automatic;
					};
				};
			};
			buildConfigurationList = 2E91ECDA1E3BBAE100E9BF2C /* Build configuration list for PBXProject "FantasticView" */;
			compatibilityVersion = "Xcode 3.2";
			developmentRegion = English;
			hasScannedForEncodings = 0;
			knownRegions = (
				en,
				Base,
			);
			mainGroup = 2E91ECD61E3BBAE100E9BF2C;
			productRefGroup = 2E91ECE01E3BBAE100E9BF2C /* Products */;
			projectDirPath = "";
			projectRoot = "";
			targets = (
				2E91ECDE1E3BBAE100E9BF2C /* FantasticView */,
			);
		};
/* End PBXProject section */

/* Begin PBXResourcesBuildPhase section */
		2E91ECDD1E3BBAE100E9BF2C /* Resources */ = {
			isa = PBXResourcesBuildPhase;
			buildActionMask = 2147483647;
			files = (
				2E91ECED1E3BBAE100E9BF2C /* LaunchScreen.storyboard in Resources */,
				2E91ECEA1E3BBAE100E9BF2C /* Assets.xcassets in Resources */,
				2E91ECE81E3BBAE100E9BF2C /* Main.storyboard in Resources */,
			);
			runOnlyForDeploymentPostprocessing = 0;
		};
/* End PBXResourcesBuildPhase section */

/* Begin PBXSourcesBuildPhase section */
		2E91ECDB1E3BBAE100E9BF2C /* Sources */ = {
			isa = PBXSourcesBuildPhase;
			buildActionMask = 2147483647;
			files = (
				2E91ECE51E3BBAE100E9BF2C /* ViewController.swift in Sources */,
				2E91ECE31E3BBAE100E9BF2C /* AppDelegate.swift in Sources */,
				2E91ECF51E3BBB1F00E9BF2C /* FantasticView.swift in Sources */,
			);
			runOnlyForDeploymentPostprocessing = 0;
		};
/* End PBXSourcesBuildPhase section */

/* Begin PBXVariantGroup section */
		2E91ECE61E3BBAE100E9BF2C /* Main.storyboard */ = {
			isa = PBXVariantGroup;
			children = (
				2E91ECE71E3BBAE100E9BF2C /* Base */,
			);
			name = Main.storyboard;
			sourceTree = "<group>";
		};
		2E91ECEB1E3BBAE100E9BF2C /* LaunchScreen.storyboard */ = {
			isa = PBXVariantGroup;
			children = (
				2E91ECEC1E3BBAE100E9BF2C /* Base */,
			);
			name = LaunchScreen.storyboard;
			sourceTree = "<group>";
		};
/* End PBXVariantGroup section */

/* Begin XCBuildConfiguration section */
		2E91ECEF1E3BBAE100E9BF2C /* Debug */ = {
			isa = XCBuildConfiguration;
			buildSettings = {
				ALWAYS_SEARCH_USER_PATHS = NO;
				CLANG_ANALYZER_NONNULL = YES;
				CLANG_CXX_LANGUAGE_STANDARD = "gnu++0x";
				CLANG_CXX_LIBRARY = "libc++";
				CLANG_ENABLE_MODULES = YES;
				CLANG_ENABLE_OBJC_ARC = YES;
				CLANG_WARN_BOOL_CONVERSION = YES;
				CLANG_WARN_CONSTANT_CONVERSION = YES;
				CLANG_WARN_DIRECT_OBJC_ISA_USAGE = YES_ERROR;
				CLANG_WARN_DOCUMENTATION_COMMENTS = YES;
				CLANG_WARN_EMPTY_BODY = YES;
				CLANG_WARN_ENUM_CONVERSION = YES;
				CLANG_WARN_INFINITE_RECURSION = YES;
				CLANG_WARN_INT_CONVERSION = YES;
				CLANG_WARN_OBJC_ROOT_CLASS = YES_ERROR;
				CLANG_WARN_SUSPICIOUS_MOVE = YES;
				CLANG_WARN_UNREACHABLE_CODE = YES;
				CLANG_WARN__DUPLICATE_METHOD_MATCH = YES;
				"CODE_SIGN_IDENTITY[sdk=iphoneos*]" = "iPhone Developer";
				COPY_PHASE_STRIP = NO;
				DEBUG_INFORMATION_FORMAT = dwarf;
				ENABLE_STRICT_OBJC_MSGSEND = YES;
				ENABLE_TESTABILITY = YES;
				GCC_C_LANGUAGE_STANDARD = gnu99;
				GCC_DYNAMIC_NO_PIC = NO;
				GCC_NO_COMMON_BLOCKS = YES;
				GCC_OPTIMIZATION_LEVEL = 0;
				GCC_PREPROCESSOR_DEFINITIONS = (
					"DEBUG=1",
					"$(inherited)",
				);
				GCC_WARN_64_TO_32_BIT_CONVERSION = YES;
				GCC_WARN_ABOUT_RETURN_TYPE = YES_ERROR;
				GCC_WARN_UNDECLARED_SELECTOR = YES;
				GCC_WARN_UNINITIALIZED_AUTOS = YES_AGGRESSIVE;
				GCC_WARN_UNUSED_FUNCTION = YES;
				GCC_WARN_UNUSED_VARIABLE = YES;
				IPHONEOS_DEPLOYMENT_TARGET = 10.2;
				MTL_ENABLE_DEBUG_INFO = YES;
				ONLY_ACTIVE_ARCH = YES;
				SDKROOT = iphoneos;
				SWIFT_ACTIVE_COMPILATION_CONDITIONS = DEBUG;
				SWIFT_OPTIMIZATION_LEVEL = "-Onone";
				TARGETED_DEVICE_FAMILY = "1,2";
			};
			name = Debug;
		};
		2E91ECF01E3BBAE100E9BF2C /* Release */ = {
			isa = XCBuildConfiguration;
			buildSettings = {
				ALWAYS_SEARCH_USER_PATHS = NO;
				CLANG_ANALYZER_NONNULL = YES;
				CLANG_CXX_LANGUAGE_STANDARD = "gnu++0x";
				CLANG_CXX_LIBRARY = "libc++";
				CLANG_ENABLE_MODULES = YES;
				CLANG_ENABLE_OBJC_ARC = YES;
				CLANG_WARN_BOOL_CONVERSION = YES;
				CLANG_WARN_CONSTANT_CONVERSION = YES;
				CLANG_WARN_DIRECT_OBJC_ISA_USAGE = YES_ERROR;
				CLANG_WARN_DOCUMENTATION_COMMENTS = YES;
				CLANG_WARN_EMPTY_BODY = YES;
				CLANG_WARN_ENUM_CONVERSION = YES;
				CLANG_WARN_INFINITE_RECURSION = YES;
				CLANG_WARN_INT_CONVERSION = YES;
				CLANG_WARN_OBJC_ROOT_CLASS = YES_ERROR;
				CLANG_WARN_SUSPICIOUS_MOVE = YES;
				CLANG_WARN_UNREACHABLE_CODE = YES;
				CLANG_WARN__DUPLICATE_METHOD_MATCH = YES;
				"CODE_SIGN_IDENTITY[sdk=iphoneos*]" = "iPhone Developer";
				COPY_PHASE_STRIP = NO;
				DEBUG_INFORMATION_FORMAT = "dwarf-with-dsym";
				ENABLE_NS_ASSERTIONS = NO;
				ENABLE_STRICT_OBJC_MSGSEND = YES;
				GCC_C_LANGUAGE_STANDARD = gnu99;
				GCC_NO_COMMON_BLOCKS = YES;
				GCC_WARN_64_TO_32_BIT_CONVERSION = YES;
				GCC_WARN_ABOUT_RETURN_TYPE = YES_ERROR;
				GCC_WARN_UNDECLARED_SELECTOR = YES;
				GCC_WARN_UNINITIALIZED_AUTOS = YES_AGGRESSIVE;
				GCC_WARN_UNUSED_FUNCTION = YES;
				GCC_WARN_UNUSED_VARIABLE = YES;
				IPHONEOS_DEPLOYMENT_TARGET = 10.2;
				MTL_ENABLE_DEBUG_INFO = NO;
				SDKROOT = iphoneos;
				SWIFT_OPTIMIZATION_LEVEL = "-Owholemodule";
				TARGETED_DEVICE_FAMILY = "1,2";
				VALIDATE_PRODUCT = YES;
			};
			name = Release;
		};
		2E91ECF21E3BBAE100E9BF2C /* Debug */ = {
			isa = XCBuildConfiguration;
			buildSettings = {
				ASSETCATALOG_COMPILER_APPICON_NAME = AppIcon;
				DEVELOPMENT_TEAM = Y2YHB76Q95;
				INFOPLIST_FILE = FantasticView/Info.plist;
				LD_RUNPATH_SEARCH_PATHS = "$(inherited) @executable_path/Frameworks";
				PRODUCT_BUNDLE_IDENTIFIER = com.homemade.FantasticView;
				PRODUCT_NAME = "$(TARGET_NAME)";
				SWIFT_VERSION = 3.0;
			};
			name = Debug;
		};
		2E91ECF31E3BBAE100E9BF2C /* Release */ = {
			isa = XCBuildConfiguration;
			buildSettings = {
				ASSETCATALOG_COMPILER_APPICON_NAME = AppIcon;
				DEVELOPMENT_TEAM = Y2YHB76Q95;
				INFOPLIST_FILE = FantasticView/Info.plist;
				LD_RUNPATH_SEARCH_PATHS = "$(inherited) @executable_path/Frameworks";
				PRODUCT_BUNDLE_IDENTIFIER = com.homemade.FantasticView;
				PRODUCT_NAME = "$(TARGET_NAME)";
				SWIFT_VERSION = 3.0;
			};
			name = Release;
		};
/* End XCBuildConfiguration section */

/* Begin XCConfigurationList section */
		2E91ECDA1E3BBAE100E9BF2C /* Build configuration list for PBXProject "FantasticView" */ = {
			isa = XCConfigurationList;
			buildConfigurations = (
				2E91ECEF1E3BBAE100E9BF2C /* Debug */,
				2E91ECF01E3BBAE100E9BF2C /* Release */,
			);
			defaultConfigurationIsVisible = 0;
			defaultConfigurationName = Release;
		};
		2E91ECF11E3BBAE100E9BF2C /* Build configuration list for PBXNativeTarget "FantasticView" */ = {
			isa = XCConfigurationList;
			buildConfigurations = (
				2E91ECF21E3BBAE100E9BF2C /* Debug */,
				2E91ECF31E3BBAE100E9BF2C /* Release */,
			);
			defaultConfigurationIsVisible = 0;
		};
/* End XCConfigurationList section */
	};
	rootObject = 2E91ECD71E3BBAE100E9BF2C /* Project object */;
}
